github.com/Patschkowski/lingo v0.1.0 h1:0I+O+TkN5afkYSOj88yPlTp0gWJ9ZJRIwFOTzmSWADw=
github.com/Patschkowski/lingo v0.1.0/go.mod h1:olMEAP77nkaTbUALgx/b4Vzk9G3D7XHYacmW6nOeLXs=
github.com/Patschkowski/lingo v0.2.0 h1:qRuR6d1uoCWRld87EshGR/iLTqvi72ttXxM1V/aZ4Cg=
github.com/Patschkowski/lingo v0.2.0/go.mod h1:olMEAP77nkaTbUALgx/b4Vzk9G3D7XHYacmW6nOeLXs=
github.com/Patschkowski/lingo v0.3.0 h1:GiQsJlv7b3iFgASg94uQgcYFUDZ+l+14I/QBMdXGFyM=
github.com/Patschkowski/lingo v0.3.0/go.mod h1:olMEAP77nkaTbUALgx/b4Vzk9G3D7XHYacmW6nOeLXs=
